// !$*UTF8*$!
{
	archiveVersion = 1;
	classes = {
	};
	objectVersion = 55;
	objects = {

/* Begin PBXBuildFile section */
		CEEE97B12864AEA700E72CD3 /* MyWork_2App.swift in Sources */ = {isa = PBXBuildFile; fileRef = CEEE97B02864AEA700E72CD3 /* MyWork_2App.swift */; };
		CEEE97B32864AEA700E72CD3 /* ContentView.swift in Sources */ = {isa = PBXBuildFile; fileRef = CEEE97B22864AEA700E72CD3 /* ContentView.swift */; };
		CEEE97B52864AEA800E72CD3 /* Assets.xcassets in Resources */ = {isa = PBXBuildFile; fileRef = CEEE97B42864AEA800E72CD3 /* Assets.xcassets */; };
		CEEE97B82864AEA800E72CD3 /* Preview Assets.xcassets in Resources */ = {isa = PBXBuildFile; fileRef = CEEE97B72864AEA800E72CD3 /* Preview Assets.xcassets */; };
		CEEE97CA2865EEF800E72CD3 /* NewsNetwork in Frameworks */ = {isa = PBXBuildFile; productRef = CEEE97C92865EEF800E72CD3 /* NewsNetwork */; };
		CEEE97CC2865FFBF00E72CD3 /* NewsScreen.swift in Sources */ = {isa = PBXBuildFile; fileRef = CEEE97CB2865FFBF00E72CD3 /* NewsScreen.swift */; };
		CEEE97CE2868F30200E72CD3 /* DescriptionScreen.swift in Sources */ = {isa = PBXBuildFile; fileRef = CEEE97CD2868F30200E72CD3 /* DescriptionScreen.swift */; };
		CEEE97D0286A1A8300E72CD3 /* NewsCell.swift in Sources */ = {isa = PBXBuildFile; fileRef = CEEE97CF286A1A8300E72CD3 /* NewsCell.swift */; };
/* End PBXBuildFile section */

/* Begin PBXFileReference section */
		CEEE97AD2864AEA700E72CD3 /* MyWork_2.app */ = {isa = PBXFileReference; explicitFileType = wrapper.application; includeInIndex = 0; path = MyWork_2.app; sourceTree = BUILT_PRODUCTS_DIR; };
		CEEE97B02864AEA700E72CD3 /* MyWork_2App.swift */ = {isa = PBXFileReference; lastKnownFileType = sourcecode.swift; path = MyWork_2App.swift; sourceTree = "<group>"; };
		CEEE97B22864AEA700E72CD3 /* ContentView.swift */ = {isa = PBXFileReference; lastKnownFileType = sourcecode.swift; path = ContentView.swift; sourceTree = "<group>"; };
		CEEE97B42864AEA800E72CD3 /* Assets.xcassets */ = {isa = PBXFileReference; lastKnownFileType = folder.assetcatalog; path = Assets.xcassets; sourceTree = "<group>"; };
		CEEE97B72864AEA800E72CD3 /* Preview Assets.xcassets */ = {isa = PBXFileReference; lastKnownFileType = folder.assetcatalog; path = "Preview Assets.xcassets"; sourceTree = "<group>"; };
		CEEE97C52865E28F00E72CD3 /* newsapi.yaml */ = {isa = PBXFileReference; lastKnownFileType = text.yaml; path = newsapi.yaml; sourceTree = SOURCE_ROOT; };
		CEEE97C62865E28F00E72CD3 /* generate.sh */ = {isa = PBXFileReference; lastKnownFileType = text.script.sh; path = generate.sh; sourceTree = SOURCE_ROOT; };
		CEEE97C72865EECC00E72CD3 /* NewsNetwork */ = {isa = PBXFileReference; lastKnownFileType = text; name = NewsNetwork; path = Modules/NewsNetwork; sourceTree = SOURCE_ROOT; };
		CEEE97CB2865FFBF00E72CD3 /* NewsScreen.swift */ = {isa = PBXFileReference; lastKnownFileType = sourcecode.swift; path = NewsScreen.swift; sourceTree = "<group>"; };
		CEEE97CD2868F30200E72CD3 /* DescriptionScreen.swift */ = {isa = PBXFileReference; lastKnownFileType = sourcecode.swift; path = DescriptionScreen.swift; sourceTree = "<group>"; };
		CEEE97CF286A1A8300E72CD3 /* NewsCell.swift */ = {isa = PBXFileReference; lastKnownFileType = sourcecode.swift; path = NewsCell.swift; sourceTree = "<group>"; };
/* End PBXFileReference section */

/* Begin PBXFrameworksBuildPhase section */
		CEEE97AA2864AEA700E72CD3 /* Frameworks */ = {
			isa = PBXFrameworksBuildPhase;
			buildActionMask = 2147483647;
			files = (
				CEEE97CA2865EEF800E72CD3 /* NewsNetwork in Frameworks */,
			);
			runOnlyForDeploymentPostprocessing = 0;
		};
/* End PBXFrameworksBuildPhase section */

/* Begin PBXGroup section */
		CEEE97A42864AEA700E72CD3 = {
			isa = PBXGroup;
			children = (
				CEEE97AF2864AEA700E72CD3 /* MyWork_2 */,
				CEEE97AE2864AEA700E72CD3 /* Products */,
				CEEE97C82865EEF800E72CD3 /* Frameworks */,
			);
			sourceTree = "<group>";
		};
		CEEE97AE2864AEA700E72CD3 /* Products */ = {
			isa = PBXGroup;
			children = (
				CEEE97AD2864AEA700E72CD3 /* MyWork_2.app */,
			);
			name = Products;
			sourceTree = "<group>";
		};
		CEEE97AF2864AEA700E72CD3 /* MyWork_2 */ = {
			isa = PBXGroup;
			children = (
				CEEE97C72865EECC00E72CD3 /* NewsNetwork */,
				CEEE97C62865E28F00E72CD3 /* generate.sh */,
				CEEE97C52865E28F00E72CD3 /* newsapi.yaml */,
				CEEE97B02864AEA700E72CD3 /* MyWork_2App.swift */,
				CEEE97B22864AEA700E72CD3 /* ContentView.swift */,
				CEEE97CB2865FFBF00E72CD3 /* NewsScreen.swift */,
				CEEE97CF286A1A8300E72CD3 /* NewsCell.swift */,
				CEEE97CD2868F30200E72CD3 /* DescriptionScreen.swift */,
				CEEE97B42864AEA800E72CD3 /* Assets.xcassets */,
				CEEE97B62864AEA800E72CD3 /* Preview Content */,
			);
			path = MyWork_2;
			sourceTree = "<group>";
		};
		CEEE97B62864AEA800E72CD3 /* Preview Content */ = {
			isa = PBXGroup;
			children = (
				CEEE97B72864AEA800E72CD3 /* Preview Assets.xcassets */,
			);
			path = "Preview Content";
			sourceTree = "<group>";
		};
		CEEE97C82865EEF800E72CD3 /* Frameworks */ = {
			isa = PBXGroup;
			children = (
			);
			name = Frameworks;
			sourceTree = "<group>";
		};
/* End PBXGroup section */

/* Begin PBXNativeTarget section */
		CEEE97AC2864AEA700E72CD3 /* MyWork_2 */ = {
			isa = PBXNativeTarget;
			buildConfigurationList = CEEE97BB2864AEA800E72CD3 /* Build configuration list for PBXNativeTarget "MyWork_2" */;
			buildPhases = (
				CEEE97A92864AEA700E72CD3 /* Sources */,
				CEEE97AA2864AEA700E72CD3 /* Frameworks */,
				CEEE97AB2864AEA700E72CD3 /* Resources */,
			);
			buildRules = (
			);
			dependencies = (
			);
			name = MyWork_2;
			packageProductDependencies = (
				CEEE97C92865EEF800E72CD3 /* NewsNetwork */,
			);
			productName = MyWork_2;
			productReference = CEEE97AD2864AEA700E72CD3 /* MyWork_2.app */;
			productType = "com.apple.product-type.application";
		};
/* End PBXNativeTarget section */

/* Begin PBXProject section */
		CEEE97A52864AEA700E72CD3 /* Project object */ = {
			isa = PBXProject;
			attributes = {
				BuildIndependentTargetsInParallel = 1;
				LastSwiftUpdateCheck = 1340;
				LastUpgradeCheck = 1340;
				TargetAttributes = {
					CEEE97AC2864AEA700E72CD3 = {
						CreatedOnToolsVersion = 13.4.1;
					};
				};
			};
			buildConfigurationList = CEEE97A82864AEA700E72CD3 /* Build configuration list for PBXProject "MyWork_2" */;
			compatibilityVersion = "Xcode 13.0";
			developmentRegion = en;
			hasScannedForEncodings = 0;
			knownRegions = (
				en,
				Base,
			);
			mainGroup = CEEE97A42864AEA700E72CD3;
			productRefGroup = CEEE97AE2864AEA700E72CD3 /* Products */;
			projectDirPath = "";
			projectRoot = "";
			targets = (
				CEEE97AC2864AEA700E72CD3 /* MyWork_2 */,
			);
		};
/* End PBXProject section */

/* Begin PBXResourcesBuildPhase section */
		CEEE97AB2864AEA700E72CD3 /* Resources */ = {
			isa = PBXResourcesBuildPhase;
			buildActionMask = 2147483647;
			files = (
				CEEE97B82864AEA800E72CD3 /* Preview Assets.xcassets in Resources */,
				CEEE97B52864AEA800E72CD3 /* Assets.xcassets in Resources */,
			);
			runOnlyForDeploymentPostprocessing = 0;
		};
/* End PBXResourcesBuildPhase section */

/* Begin PBXSourcesBuildPhase section */
		CEEE97A92864AEA700E72CD3 /* Sources */ = {
			isa = PBXSourcesBuildPhase;
			buildActionMask = 2147483647;
			files = (
				CEEE97B32864AEA700E72CD3 /* ContentView.swift in Sources */,
				CEEE97B12864AEA700E72CD3 /* MyWork_2App.swift in Sources */,
				CEEE97CE2868F30200E72CD3 /* DescriptionScreen.swift in Sources */,
				CEEE97CC2865FFBF00E72CD3 /* NewsScreen.swift in Sources */,
				CEEE97D0286A1A8300E72CD3 /* NewsCell.swift in Sources */,
			);
			runOnlyForDeploymentPostprocessing = 0;
		};
/* End PBXSourcesBuildPhase section */

/* Begin XCBuildConfiguration section */
		CEEE97B92864AEA800E72CD3 /* Debug */ = {
			isa = XCBuildConfiguration;
			buildSettings = {
				ALWAYS_SEARCH_USER_PATHS = NO;
				CLANG_ANALYZER_NONNULL = YES;
				CLANG_ANALYZER_NUMBER_OBJECT_CONVERSION = YES_AGGRESSIVE;
				CLANG_CXX_LANGUAGE_STANDARD = "gnu++17";
				CLANG_ENABLE_MODULES = YES;
				CLANG_ENABLE_OBJC_ARC = YES;
				CLANG_ENABLE_OBJC_WEAK = YES;
				CLANG_WARN_BLOCK_CAPTURE_AUTORELEASING = YES;
				CLANG_WARN_BOOL_CONVERSION = YES;
				CLANG_WARN_COMMA = YES;
				CLANG_WARN_CONSTANT_CONVERSION = YES;
				CLANG_WARN_DEPRECATED_OBJC_IMPLEMENTATIONS = YES;
				CLANG_WARN_DIRECT_OBJC_ISA_USAGE = YES_ERROR;
				CLANG_WARN_DOCUMENTATION_COMMENTS = YES;
				CLANG_WARN_EMPTY_BODY = YES;
				CLANG_WARN_ENUM_CONVERSION = YES;
				CLANG_WARN_INFINITE_RECURSION = YES;
				CLANG_WARN_INT_CONVERSION = YES;
				CLANG_WARN_NON_LITERAL_NULL_CONVERSION = YES;
				CLANG_WARN_OBJC_IMPLICIT_RETAIN_SELF = YES;
				CLANG_WARN_OBJC_LITERAL_CONVERSION = YES;
				CLANG_WARN_OBJC_ROOT_CLASS = YES_ERROR;
				CLANG_WARN_QUOTED_INCLUDE_IN_FRAMEWORK_HEADER = YES;
				CLANG_WARN_RANGE_LOOP_ANALYSIS = YES;
				CLANG_WARN_STRICT_PROTOTYPES = YES;
				CLANG_WARN_SUSPICIOUS_MOVE = YES;
				CLANG_WARN_UNGUARDED_AVAILABILITY = YES_AGGRESSIVE;
				CLANG_WARN_UNREACHABLE_CODE = YES;
				CLANG_WARN__DUPLICATE_METHOD_MATCH = YES;
				COPY_PHASE_STRIP = NO;
				DEBUG_INFORMATION_FORMAT = dwarf;
				ENABLE_STRICT_OBJC_MSGSEND = YES;
				ENABLE_TESTABILITY = YES;
				GCC_C_LANGUAGE_STANDARD = gnu11;
				GCC_DYNAMIC_NO_PIC = NO;
				GCC_NO_COMMON_BLOCKS = YES;
				GCC_OPTIMIZATION_LEVEL = 0;
				GCC_PREPROCESSOR_DEFINITIONS = (
					"DEBUG=1",
					"$(inherited)",
				);
				GCC_WARN_64_TO_32_BIT_CONVERSION = YES;
				GCC_WARN_ABOUT_RETURN_TYPE = YES_ERROR;
				GCC_WARN_UNDECLARED_SELECTOR = YES;
				GCC_WARN_UNINITIALIZED_AUTOS = YES_AGGRESSIVE;
				GCC_WARN_UNUSED_FUNCTION = YES;
				GCC_WARN_UNUSED_VARIABLE = YES;
				IPHONEOS_DEPLOYMENT_TARGET = 15.5;
				MTL_ENABLE_DEBUG_INFO = INCLUDE_SOURCE;
				MTL_FAST_MATH = YES;
				ONLY_ACTIVE_ARCH = YES;
				SDKROOT = iphoneos;
				SWIFT_ACTIVE_COMPILATION_CONDITIONS = DEBUG;
				SWIFT_OPTIMIZATION_LEVEL = "-Onone";
			};
			name = Debug;
		};
		CEEE97BA2864AEA800E72CD3 /* Release */ = {
			isa = XCBuildConfiguration;
			buildSettings = {
				ALWAYS_SEARCH_USER_PATHS = NO;
				CLANG_ANALYZER_NONNULL = YES;
				CLANG_ANALYZER_NUMBER_OBJECT_CONVERSION = YES_AGGRESSIVE;
				CLANG_CXX_LANGUAGE_STANDARD = "gnu++17";
				CLANG_ENABLE_MODULES = YES;
				CLANG_ENABLE_OBJC_ARC = YES;
				CLANG_ENABLE_OBJC_WEAK = YES;
				CLANG_WARN_BLOCK_CAPTURE_AUTORELEASING = YES;
				CLANG_WARN_BOOL_CONVERSION = YES;
				CLANG_WARN_COMMA = YES;
				CLANG_WARN_CONSTANT_CONVERSION = YES;
				CLANG_WARN_DEPRECATED_OBJC_IMPLEMENTATIONS = YES;
				CLANG_WARN_DIRECT_OBJC_ISA_USAGE = YES_ERROR;
				CLANG_WARN_DOCUMENTATION_COMMENTS = YES;
				CLANG_WARN_EMPTY_BODY = YES;
				CLANG_WARN_ENUM_CONVERSION = YES;
				CLANG_WARN_INFINITE_RECURSION = YES;
				CLANG_WARN_INT_CONVERSION = YES;
				CLANG_WARN_NON_LITERAL_NULL_CONVERSION = YES;
				CLANG_WARN_OBJC_IMPLICIT_RETAIN_SELF = YES;
				CLANG_WARN_OBJC_LITERAL_CONVERSION = YES;
				CLANG_WARN_OBJC_ROOT_CLASS = YES_ERROR;
				CLANG_WARN_QUOTED_INCLUDE_IN_FRAMEWORK_HEADER = YES;
				CLANG_WARN_RANGE_LOOP_ANALYSIS = YES;
				CLANG_WARN_STRICT_PROTOTYPES = YES;
				CLANG_WARN_SUSPICIOUS_MOVE = YES;
				CLANG_WARN_UNGUARDED_AVAILABILITY = YES_AGGRESSIVE;
				CLANG_WARN_UNREACHABLE_CODE = YES;
				CLANG_WARN__DUPLICATE_METHOD_MATCH = YES;
				COPY_PHASE_STRIP = NO;
				DEBUG_INFORMATION_FORMAT = "dwarf-with-dsym";
				ENABLE_NS_ASSERTIONS = NO;
				ENABLE_STRICT_OBJC_MSGSEND = YES;
				GCC_C_LANGUAGE_STANDARD = gnu11;
				GCC_NO_COMMON_BLOCKS = YES;
				GCC_WARN_64_TO_32_BIT_CONVERSION = YES;
				GCC_WARN_ABOUT_RETURN_TYPE = YES_ERROR;
				GCC_WARN_UNDECLARED_SELECTOR = YES;
				GCC_WARN_UNINITIALIZED_AUTOS = YES_AGGRESSIVE;
				GCC_WARN_UNUSED_FUNCTION = YES;
				GCC_WARN_UNUSED_VARIABLE = YES;
				IPHONEOS_DEPLOYMENT_TARGET = 15.5;
				MTL_ENABLE_DEBUG_INFO = NO;
				MTL_FAST_MATH = YES;
				SDKROOT = iphoneos;
				SWIFT_COMPILATION_MODE = wholemodule;
				SWIFT_OPTIMIZATION_LEVEL = "-O";
				VALIDATE_PRODUCT = YES;
			};
			name = Release;
		};
		CEEE97BC2864AEA800E72CD3 /* Debug */ = {
			isa = XCBuildConfiguration;
			buildSettings = {
				ASSETCATALOG_COMPILER_APPICON_NAME = AppIcon;
				ASSETCATALOG_COMPILER_GLOBAL_ACCENT_COLOR_NAME = AccentColor;
				CODE_SIGN_STYLE = Automatic;
				CURRENT_PROJECT_VERSION = 1;
				DEVELOPMENT_ASSET_PATHS = "\"MyWork_2/Preview Content\"";
				DEVELOPMENT_TEAM = 7X5J5KV5FY;
				ENABLE_PREVIEWS = YES;
				GENERATE_INFOPLIST_FILE = YES;
				INFOPLIST_KEY_UIApplicationSceneManifest_Generation = YES;
				INFOPLIST_KEY_UIApplicationSupportsIndirectInputEvents = YES;
				INFOPLIST_KEY_UILaunchScreen_Generation = YES;
				INFOPLIST_KEY_UISupportedInterfaceOrientations_iPad = "UIInterfaceOrientationPortrait UIInterfaceOrientationPortraitUpsideDown UIInterfaceOrientationLandscapeLeft UIInterfaceOrientationLandscapeRight";
				INFOPLIST_KEY_UISupportedInterfaceOrientations_iPhone = "UIInterfaceOrientationPortrait UIInterfaceOrientationLandscapeLeft UIInterfaceOrientationLandscapeRight";
				LD_RUNPATH_SEARCH_PATHS = (
					"$(inherited)",
					"@executable_path/Frameworks",
				);
				MARKETING_VERSION = 1.0;
				PRODUCT_BUNDLE_IDENTIFIER = "dmitsmirnov.MyWork-2";
				PRODUCT_NAME = "$(TARGET_NAME)";
				SWIFT_EMIT_LOC_STRINGS = YES;
				SWIFT_VERSION = 5.0;
				TARGETED_DEVICE_FAMILY = "1,2";
			};
			name = Debug;
		};
		CEEE97BD2864AEA800E72CD3 /* Release */ = {
			isa = XCBuildConfiguration;
			buildSettings = {
				ASSETCATALOG_COMPILER_APPICON_NAME = AppIcon;
				ASSETCATALOG_COMPILER_GLOBAL_ACCENT_COLOR_NAME = AccentColor;
				CODE_SIGN_STYLE = Automatic;
				CURRENT_PROJECT_VERSION = 1;
				DEVELOPMENT_ASSET_PATHS = "\"MyWork_2/Preview Content\"";
				DEVELOPMENT_TEAM = 7X5J5KV5FY;
				ENABLE_PREVIEWS = YES;
				GENERATE_INFOPLIST_FILE = YES;
				INFOPLIST_KEY_UIApplicationSceneManifest_Generation = YES;
				INFOPLIST_KEY_UIApplicationSupportsIndirectInputEvents = YES;
				INFOPLIST_KEY_UILaunchScreen_Generation = YES;
				INFOPLIST_KEY_UISupportedInterfaceOrientations_iPad = "UIInterfaceOrientationPortrait UIInterfaceOrientationPortraitUpsideDown UIInterfaceOrientationLandscapeLeft UIInterfaceOrientationLandscapeRight";
				INFOPLIST_KEY_UISupportedInterfaceOrientations_iPhone = "UIInterfaceOrientationPortrait UIInterfaceOrientationLandscapeLeft UIInterfaceOrientationLandscapeRight";
				LD_RUNPATH_SEARCH_PATHS = (
					"$(inherited)",
					"@executable_path/Frameworks",
				);
				MARKETING_VERSION = 1.0;
				PRODUCT_BUNDLE_IDENTIFIER = "dmitsmirnov.MyWork-2";
				PRODUCT_NAME = "$(TARGET_NAME)";
				SWIFT_EMIT_LOC_STRINGS = YES;
				SWIFT_VERSION = 5.0;
				TARGETED_DEVICE_FAMILY = "1,2";
			};
			name = Release;
		};
/* End XCBuildConfiguration section */

/* Begin XCConfigurationList section */
		CEEE97A82864AEA700E72CD3 /* Build configuration list for PBXProject "MyWork_2" */ = {
			isa = XCConfigurationList;
			buildConfigurations = (
				CEEE97B92864AEA800E72CD3 /* Debug */,
				CEEE97BA2864AEA800E72CD3 /* Release */,
			);
			defaultConfigurationIsVisible = 0;
			defaultConfigurationName = Release;
		};
		CEEE97BB2864AEA800E72CD3 /* Build configuration list for PBXNativeTarget "MyWork_2" */ = {
			isa = XCConfigurationList;
			buildConfigurations = (
				CEEE97BC2864AEA800E72CD3 /* Debug */,
				CEEE97BD2864AEA800E72CD3 /* Release */,
			);
			defaultConfigurationIsVisible = 0;
			defaultConfigurationName = Release;
		};
/* End XCConfigurationList section */

/* Begin XCSwiftPackageProductDependency section */
		CEEE97C92865EEF800E72CD3 /* NewsNetwork */ = {
			isa = XCSwiftPackageProductDependency;
			productName = NewsNetwork;
		};
/* End XCSwiftPackageProductDependency section */
	};
	rootObject = CEEE97A52864AEA700E72CD3 /* Project object */;
}
